{
  "nodes": {
    "cshread-lib": {
      "inputs": {
        "nixpkgs": [
          "nixpkgs"
        ]
      },
      "locked": {
        "dirtyRev": "d28ad2b129c29502929ac9e1b19e839a7ee5d7c1-dirty",
        "dirtyShortRev": "d28ad2b-dirty",
        "lastModified": 1749673262,
        "narHash": "sha256-6A1Ds1Jo25X9/oUhHuNzYxlod3Y9Mi9R9lVW+afnDpg=",
        "type": "git",
        "url": "file:///home/nicolas/src/c-shell-read"
      },
      "original": {
        "type": "git",
        "url": "file:///home/nicolas/src/c-shell-read"
      }
    },
    "nixpkgs": {
      "locked": {
        "lastModified": 1747513229,
        "narHash": "sha256-O1R294MZFO/b8piT3or8vAYjXWJaIv+JKxgNGjS35iY=",
        "owner": "NixOS",
        "repo": "nixpkgs",
        "rev": "d36a168b415dd103cbe5d7d8696f3b281fdb5284",
        "type": "github"
      },
      "original": {
        "owner": "NixOS",
        "repo": "nixpkgs",
        "type": "github"
      }
    },
    "root": {
      "inputs": {
        "cshread-lib": "cshread-lib",
        "nixpkgs": "nixpkgs"
      }
    }
  },
  "root": "root",
  "version": 7
}
