{
  "nodes": {
    "cshread-lib": {
      "inputs": {
        "nixpkgs": [
          "nixpkgs"
        ]
      },
      "locked": {
        "lastModified": 1751715670,
        "narHash": "sha256-+G/cyAmGEFzhMdZmXJQK8p3577ZSYthRpcHs4WpNZj0=",
        "owner": "messatsuu",
        "repo": "c-shell-read",
        "rev": "ab2b26d412fc628dd62e1f1ed58bd3b6d00f0997",
        "type": "github"
      },
      "original": {
        "owner": "messatsuu",
        "repo": "c-shell-read",
        "type": "github"
      }
    },
    "nixpkgs": {
      "locked": {
        "lastModified": 1751754459,
        "narHash": "sha256-fOJcRd6grLd1zYkuviDbsaaQ0zLbwc2v+hZhJdXzodc=",
        "owner": "NixOS",
        "repo": "nixpkgs",
        "rev": "84e585cda4a97d5191fac3bb6fff3f4d8c97023a",
        "type": "github"
      },
      "original": {
        "owner": "NixOS",
        "repo": "nixpkgs",
        "type": "github"
      }
    },
    "root": {
      "inputs": {
        "cshread-lib": "cshread-lib",
        "nixpkgs": "nixpkgs"
      }
    }
  },
  "root": "root",
  "version": 7
}
