{
  "nodes": {
    "cshread-lib": {
      "inputs": {
        "nixpkgs": [
          "nixpkgs"
        ]
      },
      "locked": {
        "lastModified": 1760812713,
        "narHash": "sha256-LIMMCMng6T2h87FwcjsmmZlG1Wt/cyIIEyfIA1ZiDsQ=",
        "owner": "messatsuu",
        "repo": "c-shell-read",
        "rev": "123edcfa9ddd711e995bdf595dfa153342decb2e",
        "type": "github"
      },
      "original": {
        "owner": "messatsuu",
        "repo": "c-shell-read",
        "type": "github"
      }
    },
    "nixpkgs": {
      "locked": {
        "lastModified": 1760812508,
        "narHash": "sha256-nbcCbaCRtl38wvIIMDvgtUKnDJMAwiqc8o74CkOwZYU=",
        "owner": "NixOS",
        "repo": "nixpkgs",
        "rev": "510345dae1008fddcbcc670a575d4b805cb1faf4",
        "type": "github"
      },
      "original": {
        "owner": "NixOS",
        "repo": "nixpkgs",
        "type": "github"
      }
    },
    "root": {
      "inputs": {
        "cshread-lib": "cshread-lib",
        "nixpkgs": "nixpkgs"
      }
    }
  },
  "root": "root",
  "version": 7
}
